# This file is automatically @generated by Poetry 1.5.4 and should not be changed by hand.

[[package]]
name = "netifaces"
version = "0.10.6"
description = "Portable network interface information."
optional = false
python-versions = "*"
files = [
    {file = "netifaces-0.10.6-cp27-cp27m-win32.whl", hash = "sha256:137a77c2e0a68a3e409a532fe73340c3df6a59ffe8eb565ec8b1f0a131402d09"},
    {file = "netifaces-0.10.6-cp27-cp27m-win_amd64.whl", hash = "sha256:ef223d45b73cc96c25a6295f471106b3195d2367b7f153e43490673d89e9240e"},
    {file = "netifaces-0.10.6-cp34-cp34m-win32.whl", hash = "sha256:4ddf0f329d83516bba096b7eb1ad2ee354a98e2483f89ad3a590e653ece963c8"},
    {file = "netifaces-0.10.6-cp34-cp34m-win_amd64.whl", hash = "sha256:61fd2706de21aac11475c921ba0fd98af19d5280702a11c5c8e2e910765dc378"},
    {file = "netifaces-0.10.6-cp35-cp35m-win32.whl", hash = "sha256:48275e627ce9220acfed2e1ca1e4cf01f58940412f2aebac7995750b50232701"},
    {file = "netifaces-0.10.6-cp35-cp35m-win_amd64.whl", hash = "sha256:f8b352247ae4b6731192d33fd35b27f247e3e4618a2d5cf65de41d46bbb53223"},
    {file = "netifaces-0.10.6.tar.gz", hash = "sha256:0c4da523f36d36f1ef92ee183f2512f3ceb9a9d2a45f7d19cda5a42c6689ebe0"},
]

[[package]]
name = "setuptools"
version = "3.3"
description = "Easily download, build, install, upgrade, and uninstall Python packages"
optional = false
python-versions = "*"
files = [
    {file = "setuptools-3.3-py2.py3-none-any.whl", hash = "sha256:4705222d7b1d308f67bd4a34ff2fb8a35b8a42f68ccb4a60586a2dd979665875"},
    {file = "setuptools-3.3.tar.gz", hash = "sha256:f3e6155f9bb62bfd59b7f6cc2ecda21aae903e6b585f8bc55e801609c5f7814f"},
    {file = "setuptools-3.3.zip", hash = "sha256:e085debac72b33ad95da3ed2523b01441e2fb1a5c9279ac3f9e1a78e4119aaf2"},
]

[package.extras]
certs = ["certifi (==1.0.1)"]
"ssl:sys-platform=='win32'" = ["wincertstore (==0.2)"]

[[package]]
name = "socketio"
version = "0.2.1"
description = ""
optional = false
python-versions = "*"
files = [
    {file = "socketio-0.2.1.tar.gz", hash = "sha256:dee5abde39c6021d9d1874582479a4e7f8a8352b38bc7731fb6b27b76976f62c"},
]

[package.dependencies]
netifaces = "0.10.6"
setuptools = "3.3"

[metadata]
lock-version = "2.0"
python-versions = "^3.10"
content-hash = "41e5216992446c32a2486abf5732ede57a8cc169376a7677cfb6c95df8780dd6"
